{
  "lockfile_version": "1",
  "packages": {
    "civo@latest": {
      "last_modified": "2025-10-07T08:41:47Z",
      "resolved": "github:NixOS/nixpkgs/bce5fe2bb998488d8e7e7856315f90496723793c#civo",
      "source": "devbox-search",
      "version": "1.4.3",
      "systems": {
        "aarch64-darwin": {
          "outputs": [
            {
              "name": "out",
              "path": "/nix/store/hdbdy72m3aglbcbiic9064z5921bv9qh-civo-1.4.3",
              "default": true
            }
          ],
          "store_path": "/nix/store/hdbdy72m3aglbcbiic9064z5921bv9qh-civo-1.4.3"
        },
        "aarch64-linux": {
          "outputs": [
            {
              "name": "out",
              "path": "/nix/store/yq5z6glyc9ka9lhprkcff8gsgjpym2yl-civo-1.4.3",
              "default": true
            }
          ],
          "store_path": "/nix/store/yq5z6glyc9ka9lhprkcff8gsgjpym2yl-civo-1.4.3"
        },
        "x86_64-darwin": {
          "outputs": [
            {
              "name": "out",
              "path": "/nix/store/y44n7v8rf9sjgbsc4in43wg7ag5fmziq-civo-1.4.3",
              "default": true
            }
          ],
          "store_path": "/nix/store/y44n7v8rf9sjgbsc4in43wg7ag5fmziq-civo-1.4.3"
        },
        "x86_64-linux": {
          "outputs": [
            {
              "name": "out",
              "path": "/nix/store/s85w8yd6q05sgfzcp4z0d2xx0prg43nw-civo-1.4.3",
              "default": true
            }
          ],
          "store_path": "/nix/store/s85w8yd6q05sgfzcp4z0d2xx0prg43nw-civo-1.4.3"
        }
      }
    },
    "envsubst@latest": {
      "last_modified": "2025-10-07T08:41:47Z",
      "resolved": "github:NixOS/nixpkgs/bce5fe2bb998488d8e7e7856315f90496723793c#envsubst",
      "source": "devbox-search",
      "version": "1.4.3",
      "systems": {
        "aarch64-darwin": {
          "outputs": [
            {
              "name": "out",
              "path": "/nix/store/xqrq40308q2yppxh56rrdi94s200by8c-envsubst-1.4.3",
              "default": true
            }
          ],
          "store_path": "/nix/store/xqrq40308q2yppxh56rrdi94s200by8c-envsubst-1.4.3"
        },
        "aarch64-linux": {
          "outputs": [
            {
              "name": "out",
              "path": "/nix/store/lpa03zaqjhy0jgnbj44cb8n0fjy09aj9-envsubst-1.4.3",
              "default": true
            }
          ],
          "store_path": "/nix/store/lpa03zaqjhy0jgnbj44cb8n0fjy09aj9-envsubst-1.4.3"
        },
        "x86_64-darwin": {
          "outputs": [
            {
              "name": "out",
              "path": "/nix/store/mniq0pl58xmk85p0zv7i05s93b3fj06d-envsubst-1.4.3",
              "default": true
            }
          ],
          "store_path": "/nix/store/mniq0pl58xmk85p0zv7i05s93b3fj06d-envsubst-1.4.3"
        },
        "x86_64-linux": {
          "outputs": [
            {
              "name": "out",
              "path": "/nix/store/4mad7380cdpb72h0gpd042kp7lygf0gl-envsubst-1.4.3",
              "default": true
            }
          ],
          "store_path": "/nix/store/4mad7380cdpb72h0gpd042kp7lygf0gl-envsubst-1.4.3"
        }
      }
    },
    "git@latest": {
      "last_modified": "2025-10-07T08:41:47Z",
      "resolved": "github:NixOS/nixpkgs/bce5fe2bb998488d8e7e7856315f90496723793c#git",
      "source": "devbox-search",
      "version": "2.51.0",
      "systems": {
        "aarch64-darwin": {
          "outputs": [
            {
              "name": "out",
              "path": "/nix/store/pm302wxb0pkwi006sz9dviw30mkz5y00-git-2.51.0",
              "default": true
            },
            {
              "name": "doc",
              "path": "/nix/store/wmbsv0kbk7qcbq3d7j9ks0cq05729sgc-git-2.51.0-doc"
            }
          ],
          "store_path": "/nix/store/pm302wxb0pkwi006sz9dviw30mkz5y00-git-2.51.0"
        },
        "aarch64-linux": {
          "outputs": [
            {
              "name": "out",
              "path": "/nix/store/r69a5mdcc3kwnnc6xlq391aybikda4kn-git-2.51.0",
              "default": true
            },
            {
              "name": "debug",
              "path": "/nix/store/23rv1yi353k64ihdkby7nvb4q5zf4nr6-git-2.51.0-debug"
            },
            {
              "name": "doc",
              "path": "/nix/store/prqym8j8s50gbq85y1f0wfiaylrfqjf9-git-2.51.0-doc"
            }
          ],
          "store_path": "/nix/store/r69a5mdcc3kwnnc6xlq391aybikda4kn-git-2.51.0"
        },
        "x86_64-darwin": {
          "outputs": [
            {
              "name": "out",
              "path": "/nix/store/jllay36l7wbc5y76429n1n5sfdmy0frp-git-2.51.0",
              "default": true
            },
            {
              "name": "doc",
              "path": "/nix/store/gmjk0q6m10ld75d8z4hyfhc0izr5jkg0-git-2.51.0-doc"
            }
          ],
          "store_path": "/nix/store/jllay36l7wbc5y76429n1n5sfdmy0frp-git-2.51.0"
        },
        "x86_64-linux": {
          "outputs": [
            {
              "name": "out",
              "path": "/nix/store/0vbjxlqj8zp0pdjl2szvg17a98vqwyqj-git-2.51.0",
              "default": true
            },
            {
              "name": "debug",
              "path": "/nix/store/43p28p01lbl4l1xj4hicpckkdyfdvkr3-git-2.51.0-debug"
            },
            {
              "name": "doc",
              "path": "/nix/store/bjl8dr5jw9cqiy5l62k927nd04qpbgsc-git-2.51.0-doc"
            }
          ],
          "store_path": "/nix/store/0vbjxlqj8zp0pdjl2szvg17a98vqwyqj-git-2.51.0"
        }
      }
    },
    "github:NixOS/nixpkgs/nixpkgs-unstable": {
      "last_modified": "2025-10-20T04:25:18Z",
      "resolved": "github:NixOS/nixpkgs/87848bf0cc4f87717fc813a4575f07330c3e743c?lastModified=1760934318&narHash=sha256-%2FoUYsC0lUCBory65VK%2BUHqCCsCspbL1Vgfcf1KUYqVw%3D"
    },
    "go-task@latest": {
      "last_modified": "2025-10-07T08:41:47Z",
      "resolved": "github:NixOS/nixpkgs/bce5fe2bb998488d8e7e7856315f90496723793c#go-task",
      "source": "devbox-search",
      "version": "3.45.4",
      "systems": {
        "aarch64-darwin": {
          "outputs": [
            {
              "name": "out",
              "path": "/nix/store/jpyzi7ph07mxn64vr684rn4sn81rmdbv-go-task-3.45.4",
              "default": true
            }
          ],
          "store_path": "/nix/store/jpyzi7ph07mxn64vr684rn4sn81rmdbv-go-task-3.45.4"
        },
        "aarch64-linux": {
          "outputs": [
            {
              "name": "out",
              "path": "/nix/store/bhkmm0w7wmgncwvn8gmbsn254n0r9app-go-task-3.45.4",
              "default": true
            }
          ],
          "store_path": "/nix/store/bhkmm0w7wmgncwvn8gmbsn254n0r9app-go-task-3.45.4"
        },
        "x86_64-darwin": {
          "outputs": [
            {
              "name": "out",
              "path": "/nix/store/pv4fd2995ys0dd4rvsqcn6cd2q2qi98s-go-task-3.45.4",
              "default": true
            }
          ],
          "store_path": "/nix/store/pv4fd2995ys0dd4rvsqcn6cd2q2qi98s-go-task-3.45.4"
        },
        "x86_64-linux": {
          "outputs": [
            {
              "name": "out",
              "path": "/nix/store/535z3a3p7hwdg4g3w4f4ssq44vnqsxqh-go-task-3.45.4",
              "default": true
            }
          ],
          "store_path": "/nix/store/535z3a3p7hwdg4g3w4f4ssq44vnqsxqh-go-task-3.45.4"
        }
      }
    },
    "go@latest": {
      "last_modified": "2025-10-07T08:41:47Z",
      "resolved": "github:NixOS/nixpkgs/bce5fe2bb998488d8e7e7856315f90496723793c#go",
      "source": "devbox-search",
      "version": "1.25.1",
      "systems": {
        "aarch64-darwin": {
          "outputs": [
            {
              "name": "out",
              "path": "/nix/store/mkdfnr1nkfj2kznxyag9pypbxp3wqqdv-go-1.25.1",
              "default": true
            }
          ],
          "store_path": "/nix/store/mkdfnr1nkfj2kznxyag9pypbxp3wqqdv-go-1.25.1"
        },
        "aarch64-linux": {
          "outputs": [
            {
              "name": "out",
              "path": "/nix/store/0jzj8p7k9wkr4l17sgrlg3z5di27sggf-go-1.25.1",
              "default": true
            }
          ],
          "store_path": "/nix/store/0jzj8p7k9wkr4l17sgrlg3z5di27sggf-go-1.25.1"
        },
        "x86_64-darwin": {
          "outputs": [
            {
              "name": "out",
              "path": "/nix/store/q2xylk8h3kbfajhw2lpdmyzyyqgqx8fl-go-1.25.1",
              "default": true
            }
          ],
          "store_path": "/nix/store/q2xylk8h3kbfajhw2lpdmyzyyqgqx8fl-go-1.25.1"
        },
        "x86_64-linux": {
          "outputs": [
            {
              "name": "out",
              "path": "/nix/store/f01qkydd3c2jqwi4w6hkddkf3blp16kw-go-1.25.1",
              "default": true
            }
          ],
          "store_path": "/nix/store/f01qkydd3c2jqwi4w6hkddkf3blp16kw-go-1.25.1"
        }
      }
    },
    "gum@latest": {
      "last_modified": "2025-10-07T08:41:47Z",
      "resolved": "github:NixOS/nixpkgs/bce5fe2bb998488d8e7e7856315f90496723793c#gum",
      "source": "devbox-search",
      "version": "0.17.0",
      "systems": {
        "aarch64-darwin": {
          "outputs": [
            {
              "name": "out",
              "path": "/nix/store/qg77457254d234pgjpgicgj8zq3kv9wc-gum-0.17.0",
              "default": true
            }
          ],
          "store_path": "/nix/store/qg77457254d234pgjpgicgj8zq3kv9wc-gum-0.17.0"
        },
        "aarch64-linux": {
          "outputs": [
            {
              "name": "out",
              "path": "/nix/store/l4dl9dcnfn57rpbhyyqnkm69q1pxah5w-gum-0.17.0",
              "default": true
            }
          ],
          "store_path": "/nix/store/l4dl9dcnfn57rpbhyyqnkm69q1pxah5w-gum-0.17.0"
        },
        "x86_64-darwin": {
          "outputs": [
            {
              "name": "out",
              "path": "/nix/store/vzdbx8cgarb3k8l6in6xxh14vyblqa07-gum-0.17.0",
              "default": true
            }
          ],
          "store_path": "/nix/store/vzdbx8cgarb3k8l6in6xxh14vyblqa07-gum-0.17.0"
        },
        "x86_64-linux": {
          "outputs": [
            {
              "name": "out",
              "path": "/nix/store/xrp3rs1p0r7qd5q0ii2zn895f24q7s4m-gum-0.17.0",
              "default": true
            }
          ],
          "store_path": "/nix/store/xrp3rs1p0r7qd5q0ii2zn895f24q7s4m-gum-0.17.0"
        }
      }
    },
    "k9s@latest": {
      "last_modified": "2025-10-13T09:56:54Z",
      "resolved": "github:NixOS/nixpkgs/c12c63cd6c5eb34c7b4c3076c6a99e00fcab86ec#k9s",
      "source": "devbox-search",
      "version": "0.50.15",
      "systems": {
        "aarch64-darwin": {
          "outputs": [
            {
              "name": "out",
              "path": "/nix/store/yiqid4s17kn8xwrk7nk9jljkyziwbkvi-k9s-0.50.15",
              "default": true
            }
          ],
          "store_path": "/nix/store/yiqid4s17kn8xwrk7nk9jljkyziwbkvi-k9s-0.50.15"
        },
        "aarch64-linux": {
          "outputs": [
            {
              "name": "out",
              "path": "/nix/store/6c52nx4z200hji6kq3l960z1sv9q1gmj-k9s-0.50.15",
              "default": true
            }
          ],
          "store_path": "/nix/store/6c52nx4z200hji6kq3l960z1sv9q1gmj-k9s-0.50.15"
        },
        "x86_64-darwin": {
          "outputs": [
            {
              "name": "out",
              "path": "/nix/store/ld5iihppw57ahgk7q28i6jph5ymdhiqr-k9s-0.50.15",
              "default": true
            }
          ],
          "store_path": "/nix/store/ld5iihppw57ahgk7q28i6jph5ymdhiqr-k9s-0.50.15"
        },
        "x86_64-linux": {
          "outputs": [
            {
              "name": "out",
              "path": "/nix/store/mfq28g8h6krak53a343vwkfx38856mv8-k9s-0.50.15",
              "default": true
            }
          ],
          "store_path": "/nix/store/mfq28g8h6krak53a343vwkfx38856mv8-k9s-0.50.15"
        }
      }
    },
    "kind@latest": {
      "last_modified": "2025-10-07T08:41:47Z",
      "resolved": "github:NixOS/nixpkgs/bce5fe2bb998488d8e7e7856315f90496723793c#kind",
      "source": "devbox-search",
      "version": "0.30.0",
      "systems": {
        "aarch64-darwin": {
          "outputs": [
            {
              "name": "out",
              "path": "/nix/store/7j497fgkwc6hf0s6r4fhv039l5fvr9hp-kind-0.30.0",
              "default": true
            }
          ],
          "store_path": "/nix/store/7j497fgkwc6hf0s6r4fhv039l5fvr9hp-kind-0.30.0"
        },
        "aarch64-linux": {
          "outputs": [
            {
              "name": "out",
              "path": "/nix/store/7hyylmh4wwq2wviykzcjgvpsgcc3fy6f-kind-0.30.0",
              "default": true
            }
          ],
          "store_path": "/nix/store/7hyylmh4wwq2wviykzcjgvpsgcc3fy6f-kind-0.30.0"
        },
        "x86_64-darwin": {
          "outputs": [
            {
              "name": "out",
              "path": "/nix/store/fzpysk98r712zr79y4a64vyzqkg165rv-kind-0.30.0",
              "default": true
            }
          ],
          "store_path": "/nix/store/fzpysk98r712zr79y4a64vyzqkg165rv-kind-0.30.0"
        },
        "x86_64-linux": {
          "outputs": [
            {
              "name": "out",
              "path": "/nix/store/xlf4bljz86yn20ipha6a5a66xh440z52-kind-0.30.0",
              "default": true
            }
          ],
          "store_path": "/nix/store/xlf4bljz86yn20ipha6a5a66xh440z52-kind-0.30.0"
        }
      }
    },
    "kluctl@latest": {
      "last_modified": "2025-10-10T13:35:32Z",
      "resolved": "github:NixOS/nixpkgs/870493f9a8cb0b074ae5b411b2f232015db19a65#kluctl",
      "source": "devbox-search",
      "version": "2.27.0",
      "systems": {
        "aarch64-darwin": {
          "outputs": [
            {
              "name": "out",
              "path": "/nix/store/2bjdzz8ax9i36a4fdm75vzxzkaqbfnyh-kluctl-2.27.0",
              "default": true
            }
          ],
          "store_path": "/nix/store/2bjdzz8ax9i36a4fdm75vzxzkaqbfnyh-kluctl-2.27.0"
        },
        "aarch64-linux": {
          "outputs": [
            {
              "name": "out",
              "path": "/nix/store/iddfrcr0awfdmc0ddyciz1c2m0p8vmgs-kluctl-2.27.0",
              "default": true
            }
          ],
          "store_path": "/nix/store/iddfrcr0awfdmc0ddyciz1c2m0p8vmgs-kluctl-2.27.0"
        },
        "x86_64-darwin": {
          "outputs": [
            {
              "name": "out",
              "path": "/nix/store/l18drmi1sz5jm96a47s5z37zjg4kxd3n-kluctl-2.27.0",
              "default": true
            }
          ],
          "store_path": "/nix/store/l18drmi1sz5jm96a47s5z37zjg4kxd3n-kluctl-2.27.0"
        },
        "x86_64-linux": {
          "outputs": [
            {
              "name": "out",
              "path": "/nix/store/l9hhvyn06kqd8bm1bmr7hz43d8r1j0ci-kluctl-2.27.0",
              "default": true
            }
          ],
          "store_path": "/nix/store/l9hhvyn06kqd8bm1bmr7hz43d8r1j0ci-kluctl-2.27.0"
        }
      }
    },
    "ko@latest": {
      "last_modified": "2025-10-07T08:41:47Z",
      "resolved": "github:NixOS/nixpkgs/bce5fe2bb998488d8e7e7856315f90496723793c#ko",
      "source": "devbox-search",
      "version": "0.18.0",
      "systems": {
        "aarch64-darwin": {
          "outputs": [
            {
              "name": "out",
              "path": "/nix/store/bhk3y62sxqr4qdxgnykr7cs0xr8vn6x4-ko-0.18.0",
              "default": true
            }
          ],
          "store_path": "/nix/store/bhk3y62sxqr4qdxgnykr7cs0xr8vn6x4-ko-0.18.0"
        },
        "aarch64-linux": {
          "outputs": [
            {
              "name": "out",
              "path": "/nix/store/k5kqbsc80n42kz4apb0s8v992iqpmkl9-ko-0.18.0",
              "default": true
            }
          ],
          "store_path": "/nix/store/k5kqbsc80n42kz4apb0s8v992iqpmkl9-ko-0.18.0"
        },
        "x86_64-darwin": {
          "outputs": [
            {
              "name": "out",
              "path": "/nix/store/73s4bkrhvpaw42n1irz5rm14fd804sx9-ko-0.18.0",
              "default": true
            }
          ],
          "store_path": "/nix/store/73s4bkrhvpaw42n1irz5rm14fd804sx9-ko-0.18.0"
        },
        "x86_64-linux": {
          "outputs": [
            {
              "name": "out",
              "path": "/nix/store/z0dvy8l5pglxl06hfz7vd7zi2s1zakl2-ko-0.18.0",
              "default": true
            }
          ],
          "store_path": "/nix/store/z0dvy8l5pglxl06hfz7vd7zi2s1zakl2-ko-0.18.0"
        }
      }
    },
    "kubectx@latest": {
      "last_modified": "2025-10-07T08:41:47Z",
      "resolved": "github:NixOS/nixpkgs/bce5fe2bb998488d8e7e7856315f90496723793c#kubectx",
      "source": "devbox-search",
      "version": "0.9.5",
      "systems": {
        "aarch64-darwin": {
          "outputs": [
            {
              "name": "out",
              "path": "/nix/store/29bigckafs10ypgp2z5mb4ns4y4ivsfl-kubectx-0.9.5",
              "default": true
            }
          ],
          "store_path": "/nix/store/29bigckafs10ypgp2z5mb4ns4y4ivsfl-kubectx-0.9.5"
        },
        "aarch64-linux": {
          "outputs": [
            {
              "name": "out",
              "path": "/nix/store/wh0vlyyp1vshbvsdpbw2pc8w2jfv6kvl-kubectx-0.9.5",
              "default": true
            }
          ],
          "store_path": "/nix/store/wh0vlyyp1vshbvsdpbw2pc8w2jfv6kvl-kubectx-0.9.5"
        },
        "x86_64-darwin": {
          "outputs": [
            {
              "name": "out",
              "path": "/nix/store/n1jj2x2w0izqprg2080vgk2l30gkff05-kubectx-0.9.5",
              "default": true
            }
          ],
          "store_path": "/nix/store/n1jj2x2w0izqprg2080vgk2l30gkff05-kubectx-0.9.5"
        },
        "x86_64-linux": {
          "outputs": [
            {
              "name": "out",
              "path": "/nix/store/d01mv4mffr9dp2vj8j9f73vv81l2srna-kubectx-0.9.5",
              "default": true
            }
          ],
          "store_path": "/nix/store/d01mv4mffr9dp2vj8j9f73vv81l2srna-kubectx-0.9.5"
        }
      }
    },
    "kubent@latest": {
      "last_modified": "2025-10-07T08:41:47Z",
      "resolved": "github:NixOS/nixpkgs/bce5fe2bb998488d8e7e7856315f90496723793c#kubent",
      "source": "devbox-search",
      "version": "0.7.3",
      "systems": {
        "aarch64-darwin": {
          "outputs": [
            {
              "name": "out",
              "path": "/nix/store/dagpmvlm2zkv70lg4i21jg6b9qxvq323-kubent-0.7.3",
              "default": true
            }
          ],
          "store_path": "/nix/store/dagpmvlm2zkv70lg4i21jg6b9qxvq323-kubent-0.7.3"
        },
        "aarch64-linux": {
          "outputs": [
            {
              "name": "out",
              "path": "/nix/store/qpjn1w1vl6zcmckphl2qhsx806k2xnw6-kubent-0.7.3",
              "default": true
            }
          ],
          "store_path": "/nix/store/qpjn1w1vl6zcmckphl2qhsx806k2xnw6-kubent-0.7.3"
        },
        "x86_64-darwin": {
          "outputs": [
            {
              "name": "out",
              "path": "/nix/store/yqk5al0h1wkqayzmzpxyqrxlwn9zk4kf-kubent-0.7.3",
              "default": true
            }
          ],
          "store_path": "/nix/store/yqk5al0h1wkqayzmzpxyqrxlwn9zk4kf-kubent-0.7.3"
        },
        "x86_64-linux": {
          "outputs": [
            {
              "name": "out",
              "path": "/nix/store/6gx8zvm0cfs2bk257mq3ziw3fbw2p8v5-kubent-0.7.3",
              "default": true
            }
          ],
          "store_path": "/nix/store/6gx8zvm0cfs2bk257mq3ziw3fbw2p8v5-kubent-0.7.3"
        }
      }
    },
    "kubernetes-helm@latest": {
      "last_modified": "2025-10-07T08:41:47Z",
      "resolved": "github:NixOS/nixpkgs/bce5fe2bb998488d8e7e7856315f90496723793c#kubernetes-helm",
      "source": "devbox-search",
      "version": "3.19.0",
      "systems": {
        "aarch64-darwin": {
          "outputs": [
            {
              "name": "out",
              "path": "/nix/store/n0n03a8q03sank4abr83v1wp0q7kvl0d-kubernetes-helm-3.19.0",
              "default": true
            }
          ],
          "store_path": "/nix/store/n0n03a8q03sank4abr83v1wp0q7kvl0d-kubernetes-helm-3.19.0"
        },
        "aarch64-linux": {
          "outputs": [
            {
              "name": "out",
              "path": "/nix/store/686i1gk7yqmspasg5vrnw551filf5195-kubernetes-helm-3.19.0",
              "default": true
            }
          ],
          "store_path": "/nix/store/686i1gk7yqmspasg5vrnw551filf5195-kubernetes-helm-3.19.0"
        },
        "x86_64-darwin": {
          "outputs": [
            {
              "name": "out",
              "path": "/nix/store/yb5qmlr4spkjhhw6xanyflaza8hlnm90-kubernetes-helm-3.19.0",
              "default": true
            }
          ],
          "store_path": "/nix/store/yb5qmlr4spkjhhw6xanyflaza8hlnm90-kubernetes-helm-3.19.0"
        },
        "x86_64-linux": {
          "outputs": [
            {
              "name": "out",
              "path": "/nix/store/rz50caa3rvsrr4hianhhq10af0g4hjp6-kubernetes-helm-3.19.0",
              "default": true
            }
          ],
          "store_path": "/nix/store/rz50caa3rvsrr4hianhhq10af0g4hjp6-kubernetes-helm-3.19.0"
        }
      }
    },
    "tilt@latest": {
      "last_modified": "2025-10-07T08:41:47Z",
      "resolved": "github:NixOS/nixpkgs/bce5fe2bb998488d8e7e7856315f90496723793c#tilt",
      "source": "devbox-search",
      "version": "0.35.1",
      "systems": {
        "aarch64-darwin": {
          "outputs": [
            {
              "name": "out",
              "path": "/nix/store/n3j6my0jxwxrzhazbk41lv69xaz18s18-tilt-0.35.1",
              "default": true
            }
          ],
          "store_path": "/nix/store/n3j6my0jxwxrzhazbk41lv69xaz18s18-tilt-0.35.1"
        },
        "aarch64-linux": {
          "outputs": [
            {
              "name": "out",
              "path": "/nix/store/v99xfhczc4jpgn6qp000qhljc3sh610k-tilt-0.35.1",
              "default": true
            }
          ],
          "store_path": "/nix/store/v99xfhczc4jpgn6qp000qhljc3sh610k-tilt-0.35.1"
        },
        "x86_64-darwin": {
          "outputs": [
            {
              "name": "out",
              "path": "/nix/store/26c65brpj0d0ag01yfnml503kfsd00r0-tilt-0.35.1",
              "default": true
            }
          ],
          "store_path": "/nix/store/26c65brpj0d0ag01yfnml503kfsd00r0-tilt-0.35.1"
        },
        "x86_64-linux": {
          "outputs": [
            {
              "name": "out",
              "path": "/nix/store/4srzlp3nd732zhcqwy6hz92qwjlrzj80-tilt-0.35.1",
              "default": true
            }
          ],
          "store_path": "/nix/store/4srzlp3nd732zhcqwy6hz92qwjlrzj80-tilt-0.35.1"
        }
      }
    },
    "yq@latest": {
      "last_modified": "2025-10-07T08:41:47Z",
      "resolved": "github:NixOS/nixpkgs/bce5fe2bb998488d8e7e7856315f90496723793c#yq",
      "source": "devbox-search",
      "version": "3.4.3",
      "systems": {
        "aarch64-darwin": {
          "outputs": [
            {
              "name": "out",
              "path": "/nix/store/akc2aqj1w69pg3j6xzzmc5sslb8gzl75-python3.13-yq-3.4.3",
              "default": true
            },
            {
              "name": "dist",
              "path": "/nix/store/sjlaz5lj6wd16xl7ci2gf1xrpihrybzj-python3.13-yq-3.4.3-dist"
            }
          ],
          "store_path": "/nix/store/akc2aqj1w69pg3j6xzzmc5sslb8gzl75-python3.13-yq-3.4.3"
        },
        "aarch64-linux": {
          "outputs": [
            {
              "name": "out",
              "path": "/nix/store/fjbkapgdyh1wyjc87mvifp820lk2qcn4-python3.13-yq-3.4.3",
              "default": true
            },
            {
              "name": "dist",
              "path": "/nix/store/a18i4ydlj243dbvyl5lw83kran83sqvi-python3.13-yq-3.4.3-dist"
            }
          ],
          "store_path": "/nix/store/fjbkapgdyh1wyjc87mvifp820lk2qcn4-python3.13-yq-3.4.3"
        },
        "x86_64-darwin": {
          "outputs": [
            {
              "name": "out",
              "path": "/nix/store/ppdl4m1647x1pjd4925s827841j0s003-python3.13-yq-3.4.3",
              "default": true
            },
            {
              "name": "dist",
              "path": "/nix/store/rjc2cbr545y5vfk8qqffg8wf8f4j7ba3-python3.13-yq-3.4.3-dist"
            }
          ],
          "store_path": "/nix/store/ppdl4m1647x1pjd4925s827841j0s003-python3.13-yq-3.4.3"
        },
        "x86_64-linux": {
          "outputs": [
            {
              "name": "out",
              "path": "/nix/store/7k0rxfa8k34h34hwp00rs4krwyp8wpvz-python3.13-yq-3.4.3",
              "default": true
            },
            {
              "name": "dist",
              "path": "/nix/store/db5rkz22xjsh2zfqarq3850pk134d66g-python3.13-yq-3.4.3-dist"
            }
          ],
          "store_path": "/nix/store/7k0rxfa8k34h34hwp00rs4krwyp8wpvz-python3.13-yq-3.4.3"
        }
      }
    }
  }
}
