{
  "lockfile_version": "1",
  "packages": {
    "civo@latest": {
      "last_modified": "2025-11-15T07:28:48Z",
      "resolved": "github:NixOS/nixpkgs/1d4c88323ac36805d09657d13a5273aea1b34f0c#civo",
      "source": "devbox-search",
      "version": "1.4.4",
      "systems": {
        "aarch64-darwin": {
          "outputs": [
            {
              "name": "out",
              "path": "/nix/store/sgccf62vban8fmk2n1bpzpwa7vm39h64-civo-1.4.4",
              "default": true
            }
          ],
          "store_path": "/nix/store/sgccf62vban8fmk2n1bpzpwa7vm39h64-civo-1.4.4"
        },
        "aarch64-linux": {
          "outputs": [
            {
              "name": "out",
              "path": "/nix/store/m1ikc0nxs70smry086cg7m19257srb11-civo-1.4.4",
              "default": true
            }
          ],
          "store_path": "/nix/store/m1ikc0nxs70smry086cg7m19257srb11-civo-1.4.4"
        },
        "x86_64-darwin": {
          "outputs": [
            {
              "name": "out",
              "path": "/nix/store/kxi51czj4f6rs49r4i69dfyw173krq76-civo-1.4.4",
              "default": true
            }
          ],
          "store_path": "/nix/store/kxi51czj4f6rs49r4i69dfyw173krq76-civo-1.4.4"
        },
        "x86_64-linux": {
          "outputs": [
            {
              "name": "out",
              "path": "/nix/store/isvml6x03d8bcv530wm1b46vcbi8sh09-civo-1.4.4",
              "default": true
            }
          ],
          "store_path": "/nix/store/isvml6x03d8bcv530wm1b46vcbi8sh09-civo-1.4.4"
        }
      }
    },
    "envsubst@latest": {
      "last_modified": "2025-11-15T07:28:48Z",
      "resolved": "github:NixOS/nixpkgs/1d4c88323ac36805d09657d13a5273aea1b34f0c#envsubst",
      "source": "devbox-search",
      "version": "1.4.3",
      "systems": {
        "aarch64-darwin": {
          "outputs": [
            {
              "name": "out",
              "path": "/nix/store/zs99l4ba1n3rjb5j57cx0nim7xfzm1d5-envsubst-1.4.3",
              "default": true
            }
          ],
          "store_path": "/nix/store/zs99l4ba1n3rjb5j57cx0nim7xfzm1d5-envsubst-1.4.3"
        },
        "aarch64-linux": {
          "outputs": [
            {
              "name": "out",
              "path": "/nix/store/pp6xg193k45vzngfs0fg7yvpy4jpap4f-envsubst-1.4.3",
              "default": true
            }
          ],
          "store_path": "/nix/store/pp6xg193k45vzngfs0fg7yvpy4jpap4f-envsubst-1.4.3"
        },
        "x86_64-darwin": {
          "outputs": [
            {
              "name": "out",
              "path": "/nix/store/y4nd2rxwcvcwaixr5in6plzidscx5fvf-envsubst-1.4.3",
              "default": true
            }
          ],
          "store_path": "/nix/store/y4nd2rxwcvcwaixr5in6plzidscx5fvf-envsubst-1.4.3"
        },
        "x86_64-linux": {
          "outputs": [
            {
              "name": "out",
              "path": "/nix/store/8qyf0nanqamcc1v0vnyd4z1d2pj3gkh7-envsubst-1.4.3",
              "default": true
            }
          ],
          "store_path": "/nix/store/8qyf0nanqamcc1v0vnyd4z1d2pj3gkh7-envsubst-1.4.3"
        }
      }
    },
    "git@latest": {
      "last_modified": "2025-11-15T07:28:48Z",
      "resolved": "github:NixOS/nixpkgs/1d4c88323ac36805d09657d13a5273aea1b34f0c#git",
      "source": "devbox-search",
      "version": "2.51.2",
      "systems": {
        "aarch64-darwin": {
          "outputs": [
            {
              "name": "out",
              "path": "/nix/store/k2vlwnvjcmnig77p65zipibvvim8rxq7-git-2.51.2",
              "default": true
            },
            {
              "name": "doc",
              "path": "/nix/store/6x44hx2f6g1y1viiaian2bvypb8djq39-git-2.51.2-doc"
            }
          ],
          "store_path": "/nix/store/k2vlwnvjcmnig77p65zipibvvim8rxq7-git-2.51.2"
        },
        "aarch64-linux": {
          "outputs": [
            {
              "name": "out",
              "path": "/nix/store/55j9qicj9fghz8yk3xsn2y9ab5mj4jdr-git-2.51.2",
              "default": true
            },
            {
              "name": "debug",
              "path": "/nix/store/vspa1pprrnj7xz3bhqayzih5mi7vhvvh-git-2.51.2-debug"
            },
            {
              "name": "doc",
              "path": "/nix/store/6zdv508cvrgfsnvvv5003ivsfcqngfvs-git-2.51.2-doc"
            }
          ],
          "store_path": "/nix/store/55j9qicj9fghz8yk3xsn2y9ab5mj4jdr-git-2.51.2"
        },
        "x86_64-darwin": {
          "outputs": [
            {
              "name": "out",
              "path": "/nix/store/sz4zzn7y6gal019wmqzxvcxc97wkgp9n-git-2.51.2",
              "default": true
            },
            {
              "name": "doc",
              "path": "/nix/store/np4lannd0w8jpagqw7mry4gklr903s2n-git-2.51.2-doc"
            }
          ],
          "store_path": "/nix/store/sz4zzn7y6gal019wmqzxvcxc97wkgp9n-git-2.51.2"
        },
        "x86_64-linux": {
          "outputs": [
            {
              "name": "out",
              "path": "/nix/store/q6jjgnyivwx7r4wynsi6g36k6srfy7mk-git-2.51.2",
              "default": true
            },
            {
              "name": "debug",
              "path": "/nix/store/f6zjr2bcd31qpvj4d4qsvqhfnnyc1kaz-git-2.51.2-debug"
            },
            {
              "name": "doc",
              "path": "/nix/store/9bir646idszbrn3j3wz98xq4m0kvzgrp-git-2.51.2-doc"
            }
          ],
          "store_path": "/nix/store/q6jjgnyivwx7r4wynsi6g36k6srfy7mk-git-2.51.2"
        }
      }
    },
    "github:NixOS/nixpkgs/nixpkgs-unstable": {
      "last_modified": "2025-11-22T10:07:53Z",
      "resolved": "github:NixOS/nixpkgs/878e468e02bfabeda08c79250f7ad583037f2227?lastModified=1763806073"
    },
    "go-task@latest": {
      "last_modified": "2025-11-18T03:14:24Z",
      "resolved": "github:NixOS/nixpkgs/0ade817efdde79cbc46b624c849027335ebc25c5#go-task",
      "source": "devbox-search",
      "version": "3.45.5",
      "systems": {
        "aarch64-darwin": {
          "outputs": [
            {
              "name": "out",
              "path": "/nix/store/2rzij86mkkk9w9mhi1ka1qq6yg1a1q45-go-task-3.45.5",
              "default": true
            }
          ],
          "store_path": "/nix/store/2rzij86mkkk9w9mhi1ka1qq6yg1a1q45-go-task-3.45.5"
        },
        "aarch64-linux": {
          "outputs": [
            {
              "name": "out",
              "path": "/nix/store/7rqbfqprqf5ya9zqc22h12chg1q32vsl-go-task-3.45.5",
              "default": true
            }
          ],
          "store_path": "/nix/store/7rqbfqprqf5ya9zqc22h12chg1q32vsl-go-task-3.45.5"
        },
        "x86_64-darwin": {
          "outputs": [
            {
              "name": "out",
              "path": "/nix/store/s094zzla3026k58f5dwqs8svsxzgs7bp-go-task-3.45.5",
              "default": true
            }
          ],
          "store_path": "/nix/store/s094zzla3026k58f5dwqs8svsxzgs7bp-go-task-3.45.5"
        },
        "x86_64-linux": {
          "outputs": [
            {
              "name": "out",
              "path": "/nix/store/4yqkir1svm1bn2hwlqxxl7iq2pd6z423-go-task-3.45.5",
              "default": true
            }
          ],
          "store_path": "/nix/store/4yqkir1svm1bn2hwlqxxl7iq2pd6z423-go-task-3.45.5"
        }
      }
    },
    "go@latest": {
      "last_modified": "2025-11-15T07:28:48Z",
      "resolved": "github:NixOS/nixpkgs/1d4c88323ac36805d09657d13a5273aea1b34f0c#go",
      "source": "devbox-search",
      "version": "1.25.3",
      "systems": {
        "aarch64-darwin": {
          "outputs": [
            {
              "name": "out",
              "path": "/nix/store/pkb0xf89mjr3j7b8lvz0vsm4c44vckyh-go-1.25.3",
              "default": true
            }
          ],
          "store_path": "/nix/store/pkb0xf89mjr3j7b8lvz0vsm4c44vckyh-go-1.25.3"
        },
        "aarch64-linux": {
          "outputs": [
            {
              "name": "out",
              "path": "/nix/store/ybh1p0f6sd3i7b66chf3gd8b1yy41p0c-go-1.25.3",
              "default": true
            }
          ],
          "store_path": "/nix/store/ybh1p0f6sd3i7b66chf3gd8b1yy41p0c-go-1.25.3"
        },
        "x86_64-darwin": {
          "outputs": [
            {
              "name": "out",
              "path": "/nix/store/w7nnzc7a6r1s3pg6lmiqwcsabrj17q08-go-1.25.3",
              "default": true
            }
          ],
          "store_path": "/nix/store/w7nnzc7a6r1s3pg6lmiqwcsabrj17q08-go-1.25.3"
        },
        "x86_64-linux": {
          "outputs": [
            {
              "name": "out",
              "path": "/nix/store/rq8lpjjzfymaznpsfvrymhqrvfg854ms-go-1.25.3",
              "default": true
            }
          ],
          "store_path": "/nix/store/rq8lpjjzfymaznpsfvrymhqrvfg854ms-go-1.25.3"
        }
      }
    },
    "gum@latest": {
      "last_modified": "2025-11-15T07:28:48Z",
      "resolved": "github:NixOS/nixpkgs/1d4c88323ac36805d09657d13a5273aea1b34f0c#gum",
      "source": "devbox-search",
      "version": "0.17.0",
      "systems": {
        "aarch64-darwin": {
          "outputs": [
            {
              "name": "out",
              "path": "/nix/store/q0f3nq025k4c7mzlzih7yfdjfps5rgqv-gum-0.17.0",
              "default": true
            }
          ],
          "store_path": "/nix/store/q0f3nq025k4c7mzlzih7yfdjfps5rgqv-gum-0.17.0"
        },
        "aarch64-linux": {
          "outputs": [
            {
              "name": "out",
              "path": "/nix/store/r52bpy73kr30614qsy4iqa2l5wb6p4jp-gum-0.17.0",
              "default": true
            }
          ],
          "store_path": "/nix/store/r52bpy73kr30614qsy4iqa2l5wb6p4jp-gum-0.17.0"
        },
        "x86_64-darwin": {
          "outputs": [
            {
              "name": "out",
              "path": "/nix/store/v4lfp34zwjmii96spyks5g4hd58yvp9b-gum-0.17.0",
              "default": true
            }
          ],
          "store_path": "/nix/store/v4lfp34zwjmii96spyks5g4hd58yvp9b-gum-0.17.0"
        },
        "x86_64-linux": {
          "outputs": [
            {
              "name": "out",
              "path": "/nix/store/dpjcwmn7gzic1b4g39w87mh87zqhn3ac-gum-0.17.0",
              "default": true
            }
          ],
          "store_path": "/nix/store/dpjcwmn7gzic1b4g39w87mh87zqhn3ac-gum-0.17.0"
        }
      }
    },
    "k9s@latest": {
      "last_modified": "2025-11-15T07:28:48Z",
      "resolved": "github:NixOS/nixpkgs/1d4c88323ac36805d09657d13a5273aea1b34f0c#k9s",
      "source": "devbox-search",
      "version": "0.50.16",
      "systems": {
        "aarch64-darwin": {
          "outputs": [
            {
              "name": "out",
              "path": "/nix/store/230v6nr2s9xw9gykv52m90mck335mmf0-k9s-0.50.16",
              "default": true
            }
          ],
          "store_path": "/nix/store/230v6nr2s9xw9gykv52m90mck335mmf0-k9s-0.50.16"
        },
        "aarch64-linux": {
          "outputs": [
            {
              "name": "out",
              "path": "/nix/store/4wl01dh4rklbavpgglcbrnazdfvzbc7s-k9s-0.50.16",
              "default": true
            }
          ],
          "store_path": "/nix/store/4wl01dh4rklbavpgglcbrnazdfvzbc7s-k9s-0.50.16"
        },
        "x86_64-darwin": {
          "outputs": [
            {
              "name": "out",
              "path": "/nix/store/3rqb44cskgscn9gnqjs8shvzrizbz5l0-k9s-0.50.16",
              "default": true
            }
          ],
          "store_path": "/nix/store/3rqb44cskgscn9gnqjs8shvzrizbz5l0-k9s-0.50.16"
        },
        "x86_64-linux": {
          "outputs": [
            {
              "name": "out",
              "path": "/nix/store/kr96z1606fpcc8c95ldgf9ql3miym39f-k9s-0.50.16",
              "default": true
            }
          ],
          "store_path": "/nix/store/kr96z1606fpcc8c95ldgf9ql3miym39f-k9s-0.50.16"
        }
      }
    },
    "kind@latest": {
      "last_modified": "2025-11-15T07:28:48Z",
      "resolved": "github:NixOS/nixpkgs/1d4c88323ac36805d09657d13a5273aea1b34f0c#kind",
      "source": "devbox-search",
      "version": "0.30.0",
      "systems": {
        "aarch64-darwin": {
          "outputs": [
            {
              "name": "out",
              "path": "/nix/store/lkppg7y46076561cs1ayky7xmqaqpvkf-kind-0.30.0",
              "default": true
            }
          ],
          "store_path": "/nix/store/lkppg7y46076561cs1ayky7xmqaqpvkf-kind-0.30.0"
        },
        "aarch64-linux": {
          "outputs": [
            {
              "name": "out",
              "path": "/nix/store/d1gs3jsh7rvy4dl1qi2gy1ib16nsmqj2-kind-0.30.0",
              "default": true
            }
          ],
          "store_path": "/nix/store/d1gs3jsh7rvy4dl1qi2gy1ib16nsmqj2-kind-0.30.0"
        },
        "x86_64-darwin": {
          "outputs": [
            {
              "name": "out",
              "path": "/nix/store/r7x83c5nfy3fc9qiiblkj2r979s2pwpi-kind-0.30.0",
              "default": true
            }
          ],
          "store_path": "/nix/store/r7x83c5nfy3fc9qiiblkj2r979s2pwpi-kind-0.30.0"
        },
        "x86_64-linux": {
          "outputs": [
            {
              "name": "out",
              "path": "/nix/store/bsz3nw3dd4ryvpmma2rpf2d88zjyxxra-kind-0.30.0",
              "default": true
            }
          ],
          "store_path": "/nix/store/bsz3nw3dd4ryvpmma2rpf2d88zjyxxra-kind-0.30.0"
        }
      }
    },
    "kluctl@latest": {
      "last_modified": "2025-11-15T07:28:48Z",
      "resolved": "github:NixOS/nixpkgs/1d4c88323ac36805d09657d13a5273aea1b34f0c#kluctl",
      "source": "devbox-search",
      "version": "2.27.0",
      "systems": {
        "aarch64-darwin": {
          "outputs": [
            {
              "name": "out",
              "path": "/nix/store/a2840801nlplnmwlnp5p89afv2yyc14z-kluctl-2.27.0",
              "default": true
            }
          ],
          "store_path": "/nix/store/a2840801nlplnmwlnp5p89afv2yyc14z-kluctl-2.27.0"
        },
        "aarch64-linux": {
          "outputs": [
            {
              "name": "out",
              "path": "/nix/store/r54imhsrbwwa3wrwmc3b16b5qm2b0nr2-kluctl-2.27.0",
              "default": true
            }
          ],
          "store_path": "/nix/store/r54imhsrbwwa3wrwmc3b16b5qm2b0nr2-kluctl-2.27.0"
        },
        "x86_64-darwin": {
          "outputs": [
            {
              "name": "out",
              "path": "/nix/store/v7lmmr5p6cz2xzyw7hix0slih4m2n0fz-kluctl-2.27.0",
              "default": true
            }
          ],
          "store_path": "/nix/store/v7lmmr5p6cz2xzyw7hix0slih4m2n0fz-kluctl-2.27.0"
        },
        "x86_64-linux": {
          "outputs": [
            {
              "name": "out",
              "path": "/nix/store/xgki4fzk41y3fl558iqdwf7nl2vsddai-kluctl-2.27.0",
              "default": true
            }
          ],
          "store_path": "/nix/store/xgki4fzk41y3fl558iqdwf7nl2vsddai-kluctl-2.27.0"
        }
      }
    },
    "ko@latest": {
      "last_modified": "2025-11-15T07:28:48Z",
      "resolved": "github:NixOS/nixpkgs/1d4c88323ac36805d09657d13a5273aea1b34f0c#ko",
      "source": "devbox-search",
      "version": "0.18.0",
      "systems": {
        "aarch64-darwin": {
          "outputs": [
            {
              "name": "out",
              "path": "/nix/store/7l4ki0ipyjzjbwpdabrizqdjn68h9fdd-ko-0.18.0",
              "default": true
            }
          ],
          "store_path": "/nix/store/7l4ki0ipyjzjbwpdabrizqdjn68h9fdd-ko-0.18.0"
        },
        "aarch64-linux": {
          "outputs": [
            {
              "name": "out",
              "path": "/nix/store/7rj9v6jy5xnrh3x8vmzj4lsy2lwx3saw-ko-0.18.0",
              "default": true
            }
          ],
          "store_path": "/nix/store/7rj9v6jy5xnrh3x8vmzj4lsy2lwx3saw-ko-0.18.0"
        },
        "x86_64-darwin": {
          "outputs": [
            {
              "name": "out",
              "path": "/nix/store/14ls0ym0wqvjajyl4v049f1yz94sl7gi-ko-0.18.0",
              "default": true
            }
          ],
          "store_path": "/nix/store/14ls0ym0wqvjajyl4v049f1yz94sl7gi-ko-0.18.0"
        },
        "x86_64-linux": {
          "outputs": [
            {
              "name": "out",
              "path": "/nix/store/amqln5cx47bwf7bja8wg5lar1jlxvnh9-ko-0.18.0",
              "default": true
            }
          ],
          "store_path": "/nix/store/amqln5cx47bwf7bja8wg5lar1jlxvnh9-ko-0.18.0"
        }
      }
    },
    "kubectx@latest": {
      "last_modified": "2025-11-15T07:28:48Z",
      "resolved": "github:NixOS/nixpkgs/1d4c88323ac36805d09657d13a5273aea1b34f0c#kubectx",
      "source": "devbox-search",
      "version": "0.9.5",
      "systems": {
        "aarch64-darwin": {
          "outputs": [
            {
              "name": "out",
              "path": "/nix/store/9ny9rdy8ckbi5x8si4q4asjwdijyfybw-kubectx-0.9.5",
              "default": true
            }
          ],
          "store_path": "/nix/store/9ny9rdy8ckbi5x8si4q4asjwdijyfybw-kubectx-0.9.5"
        },
        "aarch64-linux": {
          "outputs": [
            {
              "name": "out",
              "path": "/nix/store/7dg8kadriqxj9aym2wnhiv85sgxyf3m0-kubectx-0.9.5",
              "default": true
            }
          ],
          "store_path": "/nix/store/7dg8kadriqxj9aym2wnhiv85sgxyf3m0-kubectx-0.9.5"
        },
        "x86_64-darwin": {
          "outputs": [
            {
              "name": "out",
              "path": "/nix/store/2b1k53hi9mnh8qm1myjxj7b94kh6r7kv-kubectx-0.9.5",
              "default": true
            }
          ],
          "store_path": "/nix/store/2b1k53hi9mnh8qm1myjxj7b94kh6r7kv-kubectx-0.9.5"
        },
        "x86_64-linux": {
          "outputs": [
            {
              "name": "out",
              "path": "/nix/store/casy6g2rdnc3j2909bdcvdbjpyk535gr-kubectx-0.9.5",
              "default": true
            }
          ],
          "store_path": "/nix/store/casy6g2rdnc3j2909bdcvdbjpyk535gr-kubectx-0.9.5"
        }
      }
    },
    "kubent@latest": {
      "last_modified": "2025-11-15T07:28:48Z",
      "resolved": "github:NixOS/nixpkgs/1d4c88323ac36805d09657d13a5273aea1b34f0c#kubent",
      "source": "devbox-search",
      "version": "0.7.3",
      "systems": {
        "aarch64-darwin": {
          "outputs": [
            {
              "name": "out",
              "path": "/nix/store/y5jcb0hp3d76dfdin9ygi52ggv568xpv-kubent-0.7.3",
              "default": true
            }
          ],
          "store_path": "/nix/store/y5jcb0hp3d76dfdin9ygi52ggv568xpv-kubent-0.7.3"
        },
        "aarch64-linux": {
          "outputs": [
            {
              "name": "out",
              "path": "/nix/store/wpy7mikyjp8r8s3bys6h0y3q3c2j8y65-kubent-0.7.3",
              "default": true
            }
          ],
          "store_path": "/nix/store/wpy7mikyjp8r8s3bys6h0y3q3c2j8y65-kubent-0.7.3"
        },
        "x86_64-darwin": {
          "outputs": [
            {
              "name": "out",
              "path": "/nix/store/9cjk8pf2823wz91h2gn65pg4gri971pz-kubent-0.7.3",
              "default": true
            }
          ],
          "store_path": "/nix/store/9cjk8pf2823wz91h2gn65pg4gri971pz-kubent-0.7.3"
        },
        "x86_64-linux": {
          "outputs": [
            {
              "name": "out",
              "path": "/nix/store/5ln2dhycfd0hlksfww041ggy1jbplc26-kubent-0.7.3",
              "default": true
            }
          ],
          "store_path": "/nix/store/5ln2dhycfd0hlksfww041ggy1jbplc26-kubent-0.7.3"
        }
      }
    },
    "kubernetes-helm@latest": {
      "last_modified": "2025-11-15T07:28:48Z",
      "resolved": "github:NixOS/nixpkgs/1d4c88323ac36805d09657d13a5273aea1b34f0c#kubernetes-helm",
      "source": "devbox-search",
      "version": "3.19.1",
      "systems": {
        "aarch64-darwin": {
          "outputs": [
            {
              "name": "out",
              "path": "/nix/store/jn5y9v07xxy3jlr0adfnmkpji15vyp9r-kubernetes-helm-3.19.1",
              "default": true
            }
          ],
          "store_path": "/nix/store/jn5y9v07xxy3jlr0adfnmkpji15vyp9r-kubernetes-helm-3.19.1"
        },
        "aarch64-linux": {
          "outputs": [
            {
              "name": "out",
              "path": "/nix/store/27whsq3r89xwlbpnmad3g4v92rifz5kk-kubernetes-helm-3.19.1",
              "default": true
            }
          ],
          "store_path": "/nix/store/27whsq3r89xwlbpnmad3g4v92rifz5kk-kubernetes-helm-3.19.1"
        },
        "x86_64-darwin": {
          "outputs": [
            {
              "name": "out",
              "path": "/nix/store/6kwiv4klfc10hw6b29x8qm19f4lmfmra-kubernetes-helm-3.19.1",
              "default": true
            }
          ],
          "store_path": "/nix/store/6kwiv4klfc10hw6b29x8qm19f4lmfmra-kubernetes-helm-3.19.1"
        },
        "x86_64-linux": {
          "outputs": [
            {
              "name": "out",
              "path": "/nix/store/l0ixqvgf9swj3b19w8jy2q3lx53c54vs-kubernetes-helm-3.19.1",
              "default": true
            }
          ],
          "store_path": "/nix/store/l0ixqvgf9swj3b19w8jy2q3lx53c54vs-kubernetes-helm-3.19.1"
        }
      }
    },
    "nodejs@latest": {
      "last_modified": "2025-11-18T03:14:24Z",
      "plugin_version": "0.0.2",
      "resolved": "github:NixOS/nixpkgs/0ade817efdde79cbc46b624c849027335ebc25c5#nodejs_24",
      "source": "devbox-search",
      "version": "24.11.1",
      "systems": {
        "aarch64-darwin": {
          "outputs": [
            {
              "name": "out",
              "path": "/nix/store/smlydln7rhjla1m6bm7sikqpb2zzrndm-nodejs-24.11.1",
              "default": true
            },
            {
              "name": "dev",
              "path": "/nix/store/kpgr84rv1fzc0lw6w7ip9l84a69w4p67-nodejs-24.11.1-dev"
            },
            {
              "name": "libv8",
              "path": "/nix/store/ly41f5b88x6kg0v033i13ys4zx04zs4x-nodejs-24.11.1-libv8"
            }
          ],
          "store_path": "/nix/store/smlydln7rhjla1m6bm7sikqpb2zzrndm-nodejs-24.11.1"
        },
        "aarch64-linux": {
          "outputs": [
            {
              "name": "out",
              "path": "/nix/store/33f60ljv7511fpiwz0g8q35vvzwjrbs1-nodejs-24.11.1",
              "default": true
            },
            {
              "name": "libv8",
              "path": "/nix/store/pw1hasfs8whl1iw24dsiwy46c7k04557-nodejs-24.11.1-libv8"
            },
            {
              "name": "dev",
              "path": "/nix/store/ygbsbi27120308bp2qgq3qjcfp8xj0xv-nodejs-24.11.1-dev"
            }
          ],
          "store_path": "/nix/store/33f60ljv7511fpiwz0g8q35vvzwjrbs1-nodejs-24.11.1"
        },
        "x86_64-darwin": {
          "outputs": [
            {
              "name": "out",
              "path": "/nix/store/i6rfha93a4a68g4qrkswlmf7pjbdp4mf-nodejs-24.11.1",
              "default": true
            },
            {
              "name": "libv8",
              "path": "/nix/store/rsf30lc4bw2qdsi5cdplm48bwnh2dfr3-nodejs-24.11.1-libv8"
            },
            {
              "name": "dev",
              "path": "/nix/store/x35q5gf3i49034l541b4h44xhhhni2xf-nodejs-24.11.1-dev"
            }
          ],
          "store_path": "/nix/store/i6rfha93a4a68g4qrkswlmf7pjbdp4mf-nodejs-24.11.1"
        },
        "x86_64-linux": {
          "outputs": [
            {
              "name": "out",
              "path": "/nix/store/plpk1lnwvinl18hwk363112r63g74iff-nodejs-24.11.1",
              "default": true
            },
            {
              "name": "dev",
              "path": "/nix/store/0vb8nk8jfnqnhgswybmd1ksf9ajq8hfw-nodejs-24.11.1-dev"
            },
            {
              "name": "libv8",
              "path": "/nix/store/0v3rsmcla79h0igpkjvgaz87xd1a5x3p-nodejs-24.11.1-libv8"
            }
          ],
          "store_path": "/nix/store/plpk1lnwvinl18hwk363112r63g74iff-nodejs-24.11.1"
        }
      }
    },
    "oras@latest": {
      "last_modified": "2025-11-15T07:28:48Z",
      "resolved": "github:NixOS/nixpkgs/1d4c88323ac36805d09657d13a5273aea1b34f0c#oras",
      "source": "devbox-search",
      "version": "1.3.0",
      "systems": {
        "aarch64-darwin": {
          "outputs": [
            {
              "name": "out",
              "path": "/nix/store/7mnacv2vm626v5k9x2i5bqjgv0w95hbv-oras-1.3.0",
              "default": true
            }
          ],
          "store_path": "/nix/store/7mnacv2vm626v5k9x2i5bqjgv0w95hbv-oras-1.3.0"
        },
        "aarch64-linux": {
          "outputs": [
            {
              "name": "out",
              "path": "/nix/store/vqx6dgv8n0pvjvz18gc2gijw2flwl3lh-oras-1.3.0",
              "default": true
            }
          ],
          "store_path": "/nix/store/vqx6dgv8n0pvjvz18gc2gijw2flwl3lh-oras-1.3.0"
        },
        "x86_64-darwin": {
          "outputs": [
            {
              "name": "out",
              "path": "/nix/store/9yvbpy04l2j0yb3xg1p1vlz8njdnm1f9-oras-1.3.0",
              "default": true
            }
          ],
          "store_path": "/nix/store/9yvbpy04l2j0yb3xg1p1vlz8njdnm1f9-oras-1.3.0"
        },
        "x86_64-linux": {
          "outputs": [
            {
              "name": "out",
              "path": "/nix/store/kn2csbsnklg6g1nr6dmkawfakn9hixdw-oras-1.3.0",
              "default": true
            }
          ],
          "store_path": "/nix/store/kn2csbsnklg6g1nr6dmkawfakn9hixdw-oras-1.3.0"
        }
      }
    },
    "poetry@latest": {
      "last_modified": "2025-11-17T10:23:24Z",
      "plugin_version": "0.0.4",
      "resolved": "github:NixOS/nixpkgs/8b6600824693a9c706ef09bd86711ca393703466#poetry",
      "source": "devbox-search",
      "version": "2.2.1",
      "systems": {
        "aarch64-darwin": {
          "outputs": [
            {
              "name": "out",
              "path": "/nix/store/7qw4nc93h7sxxyll535sbida0xqa23g0-python3.13-poetry-2.2.1",
              "default": true
            },
            {
              "name": "dist",
              "path": "/nix/store/kbb9d0c2hihgxr86qxmysn9yxqrhjadr-python3.13-poetry-2.2.1-dist"
            }
          ],
          "store_path": "/nix/store/7qw4nc93h7sxxyll535sbida0xqa23g0-python3.13-poetry-2.2.1"
        },
        "aarch64-linux": {
          "outputs": [
            {
              "name": "out",
              "path": "/nix/store/gm6m0njp3lci7a9ylrk3qsj7gq2476yi-python3.13-poetry-2.2.1",
              "default": true
            },
            {
              "name": "dist",
              "path": "/nix/store/6kbn125dp59fyc4snj4bq0g2d8q3k6lk-python3.13-poetry-2.2.1-dist"
            }
          ],
          "store_path": "/nix/store/gm6m0njp3lci7a9ylrk3qsj7gq2476yi-python3.13-poetry-2.2.1"
        },
        "x86_64-darwin": {
          "outputs": [
            {
              "name": "out",
              "path": "/nix/store/dwb9h7q9dqh9rc9yd34pajkq2n5bcfms-python3.13-poetry-2.2.1",
              "default": true
            },
            {
              "name": "dist",
              "path": "/nix/store/bjh3zwmyjz03ycg65gdphb7h4qq742x2-python3.13-poetry-2.2.1-dist"
            }
          ],
          "store_path": "/nix/store/dwb9h7q9dqh9rc9yd34pajkq2n5bcfms-python3.13-poetry-2.2.1"
        },
        "x86_64-linux": {
          "outputs": [
            {
              "name": "out",
              "path": "/nix/store/fvznhfdbcbahr6wlj3qpavdmvzpmmv68-python3.13-poetry-2.2.1",
              "default": true
            },
            {
              "name": "dist",
              "path": "/nix/store/z243jhndfq46mlz6f67asvzr7n3p17rp-python3.13-poetry-2.2.1-dist"
            }
          ],
          "store_path": "/nix/store/fvznhfdbcbahr6wlj3qpavdmvzpmmv68-python3.13-poetry-2.2.1"
        }
      }
    },
    "tilt@latest": {
      "last_modified": "2025-11-15T07:28:48Z",
      "resolved": "github:NixOS/nixpkgs/1d4c88323ac36805d09657d13a5273aea1b34f0c#tilt",
      "source": "devbox-search",
      "version": "0.35.2",
      "systems": {
        "aarch64-darwin": {
          "outputs": [
            {
              "name": "out",
              "path": "/nix/store/jsb87r4n71g064ryi4a8pk0wk6c5ycml-tilt-0.35.2",
              "default": true
            }
          ],
          "store_path": "/nix/store/jsb87r4n71g064ryi4a8pk0wk6c5ycml-tilt-0.35.2"
        },
        "aarch64-linux": {
          "outputs": [
            {
              "name": "out",
              "path": "/nix/store/z81x5ds3jx7i6sq3920xk95p3dr4qpzd-tilt-0.35.2",
              "default": true
            }
          ],
          "store_path": "/nix/store/z81x5ds3jx7i6sq3920xk95p3dr4qpzd-tilt-0.35.2"
        },
        "x86_64-darwin": {
          "outputs": [
            {
              "name": "out",
              "path": "/nix/store/7rdblcvxpwh61k8v16sbxkd331qpz6b7-tilt-0.35.2",
              "default": true
            }
          ],
          "store_path": "/nix/store/7rdblcvxpwh61k8v16sbxkd331qpz6b7-tilt-0.35.2"
        },
        "x86_64-linux": {
          "outputs": [
            {
              "name": "out",
              "path": "/nix/store/vghi7mn8k58rn7ff50wmpispxhf481jw-tilt-0.35.2",
              "default": true
            }
          ],
          "store_path": "/nix/store/vghi7mn8k58rn7ff50wmpispxhf481jw-tilt-0.35.2"
        }
      }
    },
    "yq@latest": {
      "last_modified": "2025-11-15T07:28:48Z",
      "resolved": "github:NixOS/nixpkgs/1d4c88323ac36805d09657d13a5273aea1b34f0c#yq",
      "source": "devbox-search",
      "version": "3.4.3",
      "systems": {
        "aarch64-darwin": {
          "outputs": [
            {
              "name": "out",
              "path": "/nix/store/qb01nxy2d93k7m6a7bl6b6avzrpm64bi-python3.13-yq-3.4.3",
              "default": true
            },
            {
              "name": "dist",
              "path": "/nix/store/wrfhd42pn0r1s3gb04k2r0qnvx7p4bj9-python3.13-yq-3.4.3-dist"
            }
          ],
          "store_path": "/nix/store/qb01nxy2d93k7m6a7bl6b6avzrpm64bi-python3.13-yq-3.4.3"
        },
        "aarch64-linux": {
          "outputs": [
            {
              "name": "out",
              "path": "/nix/store/v3v3q8wf3n0mvd3hxi7vn8682dbwdi61-python3.13-yq-3.4.3",
              "default": true
            },
            {
              "name": "dist",
              "path": "/nix/store/smmbpkhq9wavm7iacrnjj2dcifn1qmf6-python3.13-yq-3.4.3-dist"
            }
          ],
          "store_path": "/nix/store/v3v3q8wf3n0mvd3hxi7vn8682dbwdi61-python3.13-yq-3.4.3"
        },
        "x86_64-darwin": {
          "outputs": [
            {
              "name": "out",
              "path": "/nix/store/mxnfh4xs05gwxdgr96ls9bm207hzvxvh-python3.13-yq-3.4.3",
              "default": true
            },
            {
              "name": "dist",
              "path": "/nix/store/ccsngnx3bjasbwlf8bkfm21s9p92sdj1-python3.13-yq-3.4.3-dist"
            }
          ],
          "store_path": "/nix/store/mxnfh4xs05gwxdgr96ls9bm207hzvxvh-python3.13-yq-3.4.3"
        },
        "x86_64-linux": {
          "outputs": [
            {
              "name": "out",
              "path": "/nix/store/3bbccaiwinyqbxk27l6263dclvr36yln-python3.13-yq-3.4.3",
              "default": true
            },
            {
              "name": "dist",
              "path": "/nix/store/hhy6v86h9hd52s2kndnhmrhvjljqc4gh-python3.13-yq-3.4.3-dist"
            }
          ],
          "store_path": "/nix/store/3bbccaiwinyqbxk27l6263dclvr36yln-python3.13-yq-3.4.3"
        }
      }
    }
  }
}
