{
  "lockfile_version": "1",
  "packages": {
    "civo@latest": {
      "last_modified": "2025-09-18T16:33:27Z",
      "resolved": "github:NixOS/nixpkgs/f4b140d5b253f5e2a1ff4e5506edbf8267724bde#civo",
      "source": "devbox-search",
      "version": "1.4.3",
      "systems": {
        "aarch64-darwin": {
          "outputs": [
            {
              "name": "out",
              "path": "/nix/store/zh3klbxx87iz6k2qilqn3brpx3d0zvjz-civo-1.4.3",
              "default": true
            }
          ],
          "store_path": "/nix/store/zh3klbxx87iz6k2qilqn3brpx3d0zvjz-civo-1.4.3"
        },
        "aarch64-linux": {
          "outputs": [
            {
              "name": "out",
              "path": "/nix/store/0hi00pap5qgfgfmi0cqj27csq4ysxm4x-civo-1.4.3",
              "default": true
            }
          ],
          "store_path": "/nix/store/0hi00pap5qgfgfmi0cqj27csq4ysxm4x-civo-1.4.3"
        },
        "x86_64-darwin": {
          "outputs": [
            {
              "name": "out",
              "path": "/nix/store/s3vl9fgj2wd2ag9f2fa4idbp0azn6ixn-civo-1.4.3",
              "default": true
            }
          ],
          "store_path": "/nix/store/s3vl9fgj2wd2ag9f2fa4idbp0azn6ixn-civo-1.4.3"
        },
        "x86_64-linux": {
          "outputs": [
            {
              "name": "out",
              "path": "/nix/store/7i48hjjz0dbjc2sdk3g938s1ib6qjhkj-civo-1.4.3",
              "default": true
            }
          ],
          "store_path": "/nix/store/7i48hjjz0dbjc2sdk3g938s1ib6qjhkj-civo-1.4.3"
        }
      }
    },
    "envsubst@latest": {
      "last_modified": "2025-09-18T16:33:27Z",
      "resolved": "github:NixOS/nixpkgs/f4b140d5b253f5e2a1ff4e5506edbf8267724bde#envsubst",
      "source": "devbox-search",
      "version": "1.4.3",
      "systems": {
        "aarch64-darwin": {
          "outputs": [
            {
              "name": "out",
              "path": "/nix/store/x53srg494w0kay6nnj9k1055c8fn3fr9-envsubst-1.4.3",
              "default": true
            }
          ],
          "store_path": "/nix/store/x53srg494w0kay6nnj9k1055c8fn3fr9-envsubst-1.4.3"
        },
        "aarch64-linux": {
          "outputs": [
            {
              "name": "out",
              "path": "/nix/store/w1dmjl98hzlvq3s590r1gn25yj40ackd-envsubst-1.4.3",
              "default": true
            }
          ],
          "store_path": "/nix/store/w1dmjl98hzlvq3s590r1gn25yj40ackd-envsubst-1.4.3"
        },
        "x86_64-darwin": {
          "outputs": [
            {
              "name": "out",
              "path": "/nix/store/2a448r35kar7kfnbnkjv6frrb78kwmh6-envsubst-1.4.3",
              "default": true
            }
          ],
          "store_path": "/nix/store/2a448r35kar7kfnbnkjv6frrb78kwmh6-envsubst-1.4.3"
        },
        "x86_64-linux": {
          "outputs": [
            {
              "name": "out",
              "path": "/nix/store/icwnmz6p9sviq44ngw3aw7f42qgsavsf-envsubst-1.4.3",
              "default": true
            }
          ],
          "store_path": "/nix/store/icwnmz6p9sviq44ngw3aw7f42qgsavsf-envsubst-1.4.3"
        }
      }
    },
    "git@latest": {
      "last_modified": "2025-09-18T16:33:27Z",
      "resolved": "github:NixOS/nixpkgs/f4b140d5b253f5e2a1ff4e5506edbf8267724bde#git",
      "source": "devbox-search",
      "version": "2.51.0",
      "systems": {
        "aarch64-darwin": {
          "outputs": [
            {
              "name": "out",
              "path": "/nix/store/4q2dd3sf6xq9bky0aq2wyp2pf958j0rz-git-2.51.0",
              "default": true
            },
            {
              "name": "doc",
              "path": "/nix/store/4gwi3dw7ay6ddmzyzx36a15ds51493hz-git-2.51.0-doc"
            }
          ],
          "store_path": "/nix/store/4q2dd3sf6xq9bky0aq2wyp2pf958j0rz-git-2.51.0"
        },
        "aarch64-linux": {
          "outputs": [
            {
              "name": "out",
              "path": "/nix/store/7x5qzsv0msjcvyhn98zayq520gdwb76m-git-2.51.0",
              "default": true
            },
            {
              "name": "debug",
              "path": "/nix/store/xh22pd5vdl2i1lj975gsv0dc4ywwi42j-git-2.51.0-debug"
            },
            {
              "name": "doc",
              "path": "/nix/store/lxbmn3fzikq9l7aw4xi6lkxqmc2866qd-git-2.51.0-doc"
            }
          ],
          "store_path": "/nix/store/7x5qzsv0msjcvyhn98zayq520gdwb76m-git-2.51.0"
        },
        "x86_64-darwin": {
          "outputs": [
            {
              "name": "out",
              "path": "/nix/store/a16jim5gw87lhmzms8n9jvz6rqii52n1-git-2.51.0",
              "default": true
            },
            {
              "name": "doc",
              "path": "/nix/store/6mrf4pn3qr89l7lw1xv2n5nlj0wpqs94-git-2.51.0-doc"
            }
          ],
          "store_path": "/nix/store/a16jim5gw87lhmzms8n9jvz6rqii52n1-git-2.51.0"
        },
        "x86_64-linux": {
          "outputs": [
            {
              "name": "out",
              "path": "/nix/store/q1zaii9cirbfpmwr7d86hpppql3kjcpf-git-2.51.0",
              "default": true
            },
            {
              "name": "doc",
              "path": "/nix/store/vjjhqc2vixs1pfy4bh5qpqrvqg042vd4-git-2.51.0-doc"
            },
            {
              "name": "debug",
              "path": "/nix/store/zdh0b77j1n8irhshwgrhyjfrrjxk9fbw-git-2.51.0-debug"
            }
          ],
          "store_path": "/nix/store/q1zaii9cirbfpmwr7d86hpppql3kjcpf-git-2.51.0"
        }
      }
    },
    "github:NixOS/nixpkgs/nixpkgs-unstable": {
      "last_modified": "2025-10-07T08:41:47Z",
      "resolved": "github:NixOS/nixpkgs/bce5fe2bb998488d8e7e7856315f90496723793c?lastModified=1759826507&narHash=sha256-vwXL9H5zDHEQA0oFpww2one0%2FhkwnPAjc47LRph6d0I%3D"
    },
    "go-task@latest": {
      "last_modified": "2025-09-18T16:33:27Z",
      "resolved": "github:NixOS/nixpkgs/f4b140d5b253f5e2a1ff4e5506edbf8267724bde#go-task",
      "source": "devbox-search",
      "version": "3.44.1",
      "systems": {
        "aarch64-darwin": {
          "outputs": [
            {
              "name": "out",
              "path": "/nix/store/p58fz5g7zai0bgh6rqyg9hfz0hmvng4m-go-task-3.44.1",
              "default": true
            }
          ],
          "store_path": "/nix/store/p58fz5g7zai0bgh6rqyg9hfz0hmvng4m-go-task-3.44.1"
        },
        "aarch64-linux": {
          "outputs": [
            {
              "name": "out",
              "path": "/nix/store/qi3hx4hvcnzy317yihii2gm3gqgvvnw5-go-task-3.44.1",
              "default": true
            }
          ],
          "store_path": "/nix/store/qi3hx4hvcnzy317yihii2gm3gqgvvnw5-go-task-3.44.1"
        },
        "x86_64-darwin": {
          "outputs": [
            {
              "name": "out",
              "path": "/nix/store/n6xnr1iwm1yhcf6mji9l649djizbfg3b-go-task-3.44.1",
              "default": true
            }
          ],
          "store_path": "/nix/store/n6xnr1iwm1yhcf6mji9l649djizbfg3b-go-task-3.44.1"
        },
        "x86_64-linux": {
          "outputs": [
            {
              "name": "out",
              "path": "/nix/store/jjy9p73v67b6p555qs9ff3dasnlzafid-go-task-3.44.1",
              "default": true
            }
          ],
          "store_path": "/nix/store/jjy9p73v67b6p555qs9ff3dasnlzafid-go-task-3.44.1"
        }
      }
    },
    "go@latest": {
      "last_modified": "2025-09-18T16:33:27Z",
      "resolved": "github:NixOS/nixpkgs/f4b140d5b253f5e2a1ff4e5506edbf8267724bde#go",
      "source": "devbox-search",
      "version": "1.25.0",
      "systems": {
        "aarch64-darwin": {
          "outputs": [
            {
              "name": "out",
              "path": "/nix/store/cr196bvbbai01r0w11p1inkzkdrqdx6y-go-1.25.0",
              "default": true
            }
          ],
          "store_path": "/nix/store/cr196bvbbai01r0w11p1inkzkdrqdx6y-go-1.25.0"
        },
        "aarch64-linux": {
          "outputs": [
            {
              "name": "out",
              "path": "/nix/store/yhcdwwikp86p2cpq0qr7di91ji63460s-go-1.25.0",
              "default": true
            }
          ],
          "store_path": "/nix/store/yhcdwwikp86p2cpq0qr7di91ji63460s-go-1.25.0"
        },
        "x86_64-darwin": {
          "outputs": [
            {
              "name": "out",
              "path": "/nix/store/hz7dfw13v8iff4vf6vbnqnlnd7wh7j5x-go-1.25.0",
              "default": true
            }
          ],
          "store_path": "/nix/store/hz7dfw13v8iff4vf6vbnqnlnd7wh7j5x-go-1.25.0"
        },
        "x86_64-linux": {
          "outputs": [
            {
              "name": "out",
              "path": "/nix/store/3fd683jfggglpshxprz9mi5sz8wd3c9p-go-1.25.0",
              "default": true
            }
          ],
          "store_path": "/nix/store/3fd683jfggglpshxprz9mi5sz8wd3c9p-go-1.25.0"
        }
      }
    },
    "gum@latest": {
      "last_modified": "2025-09-18T16:33:27Z",
      "resolved": "github:NixOS/nixpkgs/f4b140d5b253f5e2a1ff4e5506edbf8267724bde#gum",
      "source": "devbox-search",
      "version": "0.17.0",
      "systems": {
        "aarch64-darwin": {
          "outputs": [
            {
              "name": "out",
              "path": "/nix/store/6acx1nn0f2i5v6dkdzaap2hdngkp1lpz-gum-0.17.0",
              "default": true
            }
          ],
          "store_path": "/nix/store/6acx1nn0f2i5v6dkdzaap2hdngkp1lpz-gum-0.17.0"
        },
        "aarch64-linux": {
          "outputs": [
            {
              "name": "out",
              "path": "/nix/store/caisq1py34nrn7q3lx4sswkm0zlpdr4n-gum-0.17.0",
              "default": true
            }
          ],
          "store_path": "/nix/store/caisq1py34nrn7q3lx4sswkm0zlpdr4n-gum-0.17.0"
        },
        "x86_64-darwin": {
          "outputs": [
            {
              "name": "out",
              "path": "/nix/store/w467h914divp2k8qyk5x14hci2jm7ww6-gum-0.17.0",
              "default": true
            }
          ],
          "store_path": "/nix/store/w467h914divp2k8qyk5x14hci2jm7ww6-gum-0.17.0"
        },
        "x86_64-linux": {
          "outputs": [
            {
              "name": "out",
              "path": "/nix/store/jbjrj4hbf2bgdvr6vl4dalwn31s669p4-gum-0.17.0",
              "default": true
            }
          ],
          "store_path": "/nix/store/jbjrj4hbf2bgdvr6vl4dalwn31s669p4-gum-0.17.0"
        }
      }
    },
    "k9s@latest": {
      "last_modified": "2025-09-18T16:33:27Z",
      "resolved": "github:NixOS/nixpkgs/f4b140d5b253f5e2a1ff4e5506edbf8267724bde#k9s",
      "source": "devbox-search",
      "version": "0.50.9",
      "systems": {
        "aarch64-darwin": {
          "outputs": [
            {
              "name": "out",
              "path": "/nix/store/73nhddg42hq5an2nhjxkyps637s0rc4n-k9s-0.50.9",
              "default": true
            }
          ],
          "store_path": "/nix/store/73nhddg42hq5an2nhjxkyps637s0rc4n-k9s-0.50.9"
        },
        "aarch64-linux": {
          "outputs": [
            {
              "name": "out",
              "path": "/nix/store/3xdpyzlhw8nw43dkcp576fjccxzwrwl8-k9s-0.50.9",
              "default": true
            }
          ],
          "store_path": "/nix/store/3xdpyzlhw8nw43dkcp576fjccxzwrwl8-k9s-0.50.9"
        },
        "x86_64-darwin": {
          "outputs": [
            {
              "name": "out",
              "path": "/nix/store/c4p8inzfpjmr5kdshihvnfqw67ix7nms-k9s-0.50.9",
              "default": true
            }
          ],
          "store_path": "/nix/store/c4p8inzfpjmr5kdshihvnfqw67ix7nms-k9s-0.50.9"
        },
        "x86_64-linux": {
          "outputs": [
            {
              "name": "out",
              "path": "/nix/store/2hgbs9rps8sc7yfyijgvgdksg4bnhrs2-k9s-0.50.9",
              "default": true
            }
          ],
          "store_path": "/nix/store/2hgbs9rps8sc7yfyijgvgdksg4bnhrs2-k9s-0.50.9"
        }
      }
    },
    "kind@latest": {
      "last_modified": "2025-09-18T16:33:27Z",
      "resolved": "github:NixOS/nixpkgs/f4b140d5b253f5e2a1ff4e5506edbf8267724bde#kind",
      "source": "devbox-search",
      "version": "0.30.0",
      "systems": {
        "aarch64-darwin": {
          "outputs": [
            {
              "name": "out",
              "path": "/nix/store/f1zv1knf82xycmg383rgmyp83h61hnin-kind-0.30.0",
              "default": true
            }
          ],
          "store_path": "/nix/store/f1zv1knf82xycmg383rgmyp83h61hnin-kind-0.30.0"
        },
        "aarch64-linux": {
          "outputs": [
            {
              "name": "out",
              "path": "/nix/store/y6nb7p504s22yc5crh6mxqnxcvl2wbah-kind-0.30.0",
              "default": true
            }
          ],
          "store_path": "/nix/store/y6nb7p504s22yc5crh6mxqnxcvl2wbah-kind-0.30.0"
        },
        "x86_64-darwin": {
          "outputs": [
            {
              "name": "out",
              "path": "/nix/store/1hi5hxjdklrmjrvi9j142h1aakr458ia-kind-0.30.0",
              "default": true
            }
          ],
          "store_path": "/nix/store/1hi5hxjdklrmjrvi9j142h1aakr458ia-kind-0.30.0"
        },
        "x86_64-linux": {
          "outputs": [
            {
              "name": "out",
              "path": "/nix/store/myld9sswhrl252bjrr60nl2ls9338vf3-kind-0.30.0",
              "default": true
            }
          ],
          "store_path": "/nix/store/myld9sswhrl252bjrr60nl2ls9338vf3-kind-0.30.0"
        }
      }
    },
    "ko@latest": {
      "last_modified": "2025-09-18T16:33:27Z",
      "resolved": "github:NixOS/nixpkgs/f4b140d5b253f5e2a1ff4e5506edbf8267724bde#ko",
      "source": "devbox-search",
      "version": "0.18.0",
      "systems": {
        "aarch64-darwin": {
          "outputs": [
            {
              "name": "out",
              "path": "/nix/store/5ih92i62zphph34zvf92fg5hmb8lc1nd-ko-0.18.0",
              "default": true
            }
          ],
          "store_path": "/nix/store/5ih92i62zphph34zvf92fg5hmb8lc1nd-ko-0.18.0"
        },
        "aarch64-linux": {
          "outputs": [
            {
              "name": "out",
              "path": "/nix/store/4vgqqsprrdskv54yx21ghvn1b9xhz3jk-ko-0.18.0",
              "default": true
            }
          ],
          "store_path": "/nix/store/4vgqqsprrdskv54yx21ghvn1b9xhz3jk-ko-0.18.0"
        },
        "x86_64-darwin": {
          "outputs": [
            {
              "name": "out",
              "path": "/nix/store/phnihji8z3d0mhy4d588iaikpr5wkf1z-ko-0.18.0",
              "default": true
            }
          ],
          "store_path": "/nix/store/phnihji8z3d0mhy4d588iaikpr5wkf1z-ko-0.18.0"
        },
        "x86_64-linux": {
          "outputs": [
            {
              "name": "out",
              "path": "/nix/store/xim7l8qplv2grkdywi3hdzs72wbkl5z4-ko-0.18.0",
              "default": true
            }
          ],
          "store_path": "/nix/store/xim7l8qplv2grkdywi3hdzs72wbkl5z4-ko-0.18.0"
        }
      }
    },
    "kubectx@latest": {
      "last_modified": "2025-09-18T16:33:27Z",
      "resolved": "github:NixOS/nixpkgs/f4b140d5b253f5e2a1ff4e5506edbf8267724bde#kubectx",
      "source": "devbox-search",
      "version": "0.9.5",
      "systems": {
        "aarch64-darwin": {
          "outputs": [
            {
              "name": "out",
              "path": "/nix/store/35ybq8izdp7ky49j8rcr8x1ynlshpbgn-kubectx-0.9.5",
              "default": true
            }
          ],
          "store_path": "/nix/store/35ybq8izdp7ky49j8rcr8x1ynlshpbgn-kubectx-0.9.5"
        },
        "aarch64-linux": {
          "outputs": [
            {
              "name": "out",
              "path": "/nix/store/80gd24nhym4w7jds14lzs1fxkywz9ckq-kubectx-0.9.5",
              "default": true
            }
          ],
          "store_path": "/nix/store/80gd24nhym4w7jds14lzs1fxkywz9ckq-kubectx-0.9.5"
        },
        "x86_64-darwin": {
          "outputs": [
            {
              "name": "out",
              "path": "/nix/store/jbvzmhra9fl0g8n5f8p69da28z0qrv4f-kubectx-0.9.5",
              "default": true
            }
          ],
          "store_path": "/nix/store/jbvzmhra9fl0g8n5f8p69da28z0qrv4f-kubectx-0.9.5"
        },
        "x86_64-linux": {
          "outputs": [
            {
              "name": "out",
              "path": "/nix/store/liiq6r71mhpg6d3rs25mb2h7xacq2aj2-kubectx-0.9.5",
              "default": true
            }
          ],
          "store_path": "/nix/store/liiq6r71mhpg6d3rs25mb2h7xacq2aj2-kubectx-0.9.5"
        }
      }
    },
    "kubernetes-helm@latest": {
      "last_modified": "2025-09-18T16:33:27Z",
      "resolved": "github:NixOS/nixpkgs/f4b140d5b253f5e2a1ff4e5506edbf8267724bde#kubernetes-helm",
      "source": "devbox-search",
      "version": "3.19.0",
      "systems": {
        "aarch64-darwin": {
          "outputs": [
            {
              "name": "out",
              "path": "/nix/store/8irl5599sb6a89qqa9y3mb8j4d2h2vm2-kubernetes-helm-3.19.0",
              "default": true
            }
          ],
          "store_path": "/nix/store/8irl5599sb6a89qqa9y3mb8j4d2h2vm2-kubernetes-helm-3.19.0"
        },
        "aarch64-linux": {
          "outputs": [
            {
              "name": "out",
              "path": "/nix/store/xqrwcjbk1mkp72y9gdqk0h770s7jfqwy-kubernetes-helm-3.19.0",
              "default": true
            }
          ],
          "store_path": "/nix/store/xqrwcjbk1mkp72y9gdqk0h770s7jfqwy-kubernetes-helm-3.19.0"
        },
        "x86_64-darwin": {
          "outputs": [
            {
              "name": "out",
              "path": "/nix/store/5k9n5ifg8j39wqgidmihxcw3jn03hr6x-kubernetes-helm-3.19.0",
              "default": true
            }
          ],
          "store_path": "/nix/store/5k9n5ifg8j39wqgidmihxcw3jn03hr6x-kubernetes-helm-3.19.0"
        },
        "x86_64-linux": {
          "outputs": [
            {
              "name": "out",
              "path": "/nix/store/xhdxsw1rkwpj4j1c020r9bii97n9d624-kubernetes-helm-3.19.0",
              "default": true
            }
          ],
          "store_path": "/nix/store/xhdxsw1rkwpj4j1c020r9bii97n9d624-kubernetes-helm-3.19.0"
        }
      }
    },
    "tilt@latest": {
      "last_modified": "2025-09-18T16:33:27Z",
      "resolved": "github:NixOS/nixpkgs/f4b140d5b253f5e2a1ff4e5506edbf8267724bde#tilt",
      "source": "devbox-search",
      "version": "0.35.1",
      "systems": {
        "aarch64-darwin": {
          "outputs": [
            {
              "name": "out",
              "path": "/nix/store/izdakki2a7whs1hw067xfiaar0livj31-tilt-0.35.1",
              "default": true
            }
          ],
          "store_path": "/nix/store/izdakki2a7whs1hw067xfiaar0livj31-tilt-0.35.1"
        },
        "aarch64-linux": {
          "outputs": [
            {
              "name": "out",
              "path": "/nix/store/7674j29jfr72vz9r6gvwqhbi6hmj85g2-tilt-0.35.1",
              "default": true
            }
          ],
          "store_path": "/nix/store/7674j29jfr72vz9r6gvwqhbi6hmj85g2-tilt-0.35.1"
        },
        "x86_64-darwin": {
          "outputs": [
            {
              "name": "out",
              "path": "/nix/store/2khv0kjrh52snzvlp1rb90jy26ffqxq2-tilt-0.35.1",
              "default": true
            }
          ],
          "store_path": "/nix/store/2khv0kjrh52snzvlp1rb90jy26ffqxq2-tilt-0.35.1"
        },
        "x86_64-linux": {
          "outputs": [
            {
              "name": "out",
              "path": "/nix/store/8adia4svlckc1l8jjbk1f8v94gnwga8s-tilt-0.35.1",
              "default": true
            }
          ],
          "store_path": "/nix/store/8adia4svlckc1l8jjbk1f8v94gnwga8s-tilt-0.35.1"
        }
      }
    },
    "yq@latest": {
      "last_modified": "2025-09-18T16:33:27Z",
      "resolved": "github:NixOS/nixpkgs/f4b140d5b253f5e2a1ff4e5506edbf8267724bde#yq",
      "source": "devbox-search",
      "version": "3.4.3",
      "systems": {
        "aarch64-darwin": {
          "outputs": [
            {
              "name": "out",
              "path": "/nix/store/v2zwrd9i6qy2gw30l4g5ral2b2lqai7m-python3.13-yq-3.4.3",
              "default": true
            },
            {
              "name": "dist",
              "path": "/nix/store/w0pyb99nyvl1z7bzdaznpxmxdpcxfg9z-python3.13-yq-3.4.3-dist"
            }
          ],
          "store_path": "/nix/store/v2zwrd9i6qy2gw30l4g5ral2b2lqai7m-python3.13-yq-3.4.3"
        },
        "aarch64-linux": {
          "outputs": [
            {
              "name": "out",
              "path": "/nix/store/cga5g4sznhlz7aql75xkvd327gbc6l0v-python3.13-yq-3.4.3",
              "default": true
            },
            {
              "name": "dist",
              "path": "/nix/store/gi3fk236bw9mgip7pqgg38gzav4kp2cg-python3.13-yq-3.4.3-dist"
            }
          ],
          "store_path": "/nix/store/cga5g4sznhlz7aql75xkvd327gbc6l0v-python3.13-yq-3.4.3"
        },
        "x86_64-darwin": {
          "outputs": [
            {
              "name": "out",
              "path": "/nix/store/8lbrw66bawjxsxsp5zb2fxqk5a1jqhin-python3.13-yq-3.4.3",
              "default": true
            },
            {
              "name": "dist",
              "path": "/nix/store/fipjjg56y516zki8hc8c384v2210z65q-python3.13-yq-3.4.3-dist"
            }
          ],
          "store_path": "/nix/store/8lbrw66bawjxsxsp5zb2fxqk5a1jqhin-python3.13-yq-3.4.3"
        },
        "x86_64-linux": {
          "outputs": [
            {
              "name": "out",
              "path": "/nix/store/syd7ixyha4g71vmql2pdccwmm50z3i8c-python3.13-yq-3.4.3",
              "default": true
            },
            {
              "name": "dist",
              "path": "/nix/store/p0lc8d2rybgqf57dc5fghavz02j808j6-python3.13-yq-3.4.3-dist"
            }
          ],
          "store_path": "/nix/store/syd7ixyha4g71vmql2pdccwmm50z3i8c-python3.13-yq-3.4.3"
        }
      }
    }
  }
}
